
Microsoft Visual Studio Solution File, Format Version 12.00
# Visual Studio Version 17
VisualStudioVersion = 17.4.33213.308
MinimumVisualStudioVersion = 10.0.40219.1
Project("{FAE04EC0-301F-11D3-BF4B-00C04F79EFBC}") = "HW-7", "HW-7\HW-7.csproj", "{2A9B03EB-FE35-4366-B82D-5DC85BD33451}"
EndProject
Global
	GlobalSection(SolutionConfigurationPlatforms) = preSolution
		Debug|Any CPU = Debug|Any CPU
		Release|Any CPU = Release|Any CPU
	EndGlobalSection
	GlobalSection(ProjectConfigurationPlatforms) = postSolution
		{2A9B03EB-FE35-4366-B82D-5DC85BD33451}.Debug|Any CPU.ActiveCfg = Debug|Any CPU
		{2A9B03EB-FE35-4366-B82D-5DC85BD33451}.Debug|Any CPU.Build.0 = Debug|Any CPU
		{2A9B03EB-FE35-4366-B82D-5DC85BD33451}.Release|Any CPU.ActiveCfg = Release|Any CPU
		{2A9B03EB-FE35-4366-B82D-5DC85BD33451}.Release|Any CPU.Build.0 = Release|Any CPU
	EndGlobalSection
	GlobalSection(SolutionProperties) = preSolution
		HideSolutionNode = FALSE
	EndGlobalSection
	GlobalSection(ExtensibilityGlobals) = postSolution
		SolutionGuid = {52082F05-22E4-4804-8700-DC1161A7831D}
	EndGlobalSection
EndGlobal
